
Microsoft Visual Studio Solution File, Format Version 12.00
# Visual Studio 15
VisualStudioVersion = 15.0.28307.645
MinimumVisualStudioVersion = 10.0.40219.1
Project("{FAE04EC0-301F-11D3-BF4B-00C04F79EFBC}") = "MyCalculator", "MyCalculator\MyCalculator.csproj", "{5CF296D3-B576-4CAC-A5E6-18742602911F}"
EndProject
Global
	GlobalSection(SolutionConfigurationPlatforms) = preSolution
		Debug|Any CPU = Debug|Any CPU
		Release|Any CPU = Release|Any CPU
	EndGlobalSection
	GlobalSection(ProjectConfigurationPlatforms) = postSolution
		{5CF296D3-B576-4CAC-A5E6-18742602911F}.Debug|Any CPU.ActiveCfg = Debug|Any CPU
		{5CF296D3-B576-4CAC-A5E6-18742602911F}.Debug|Any CPU.Build.0 = Debug|Any CPU
		{5CF296D3-B576-4CAC-A5E6-18742602911F}.Release|Any CPU.ActiveCfg = Release|Any CPU
		{5CF296D3-B576-4CAC-A5E6-18742602911F}.Release|Any CPU.Build.0 = Release|Any CPU
	EndGlobalSection
	GlobalSection(SolutionProperties) = preSolution
		HideSolutionNode = FALSE
	EndGlobalSection
	GlobalSection(ExtensibilityGlobals) = postSolution
		SolutionGuid = {FA19E882-0F46-4035-9B23-FFEF54C4E1A2}
	EndGlobalSection
EndGlobal
