
Microsoft Visual Studio Solution File, Format Version 12.00
# Visual Studio 15
VisualStudioVersion = 15.0.28307.645
MinimumVisualStudioVersion = 10.0.40219.1
Project("{FAE04EC0-301F-11D3-BF4B-00C04F79EFBC}") = "BookShop", "BookShop\BookShop.csproj", "{23C8F859-83FA-474C-B339-93A097E242CF}"
EndProject
Global
	GlobalSection(SolutionConfigurationPlatforms) = preSolution
		Debug|Any CPU = Debug|Any CPU
		Release|Any CPU = Release|Any CPU
	EndGlobalSection
	GlobalSection(ProjectConfigurationPlatforms) = postSolution
		{23C8F859-83FA-474C-B339-93A097E242CF}.Debug|Any CPU.ActiveCfg = Debug|Any CPU
		{23C8F859-83FA-474C-B339-93A097E242CF}.Debug|Any CPU.Build.0 = Debug|Any CPU
		{23C8F859-83FA-474C-B339-93A097E242CF}.Release|Any CPU.ActiveCfg = Release|Any CPU
		{23C8F859-83FA-474C-B339-93A097E242CF}.Release|Any CPU.Build.0 = Release|Any CPU
	EndGlobalSection
	GlobalSection(SolutionProperties) = preSolution
		HideSolutionNode = FALSE
	EndGlobalSection
	GlobalSection(ExtensibilityGlobals) = postSolution
		SolutionGuid = {FCF11B8D-0E9C-4322-B656-B7CB15CA15AB}
	EndGlobalSection
EndGlobal
